
Microsoft Visual Studio Solution File, Format Version 12.00
# Visual Studio 15
VisualStudioVersion = 15.0.27130.2027
MinimumVisualStudioVersion = 10.0.40219.1
Project("{FAE04EC0-301F-11D3-BF4B-00C04F79EFBC}") = "SimpleComponent", "SimpleComponent\SimpleComponent.csproj", "{2574F603-4B6C-4A30-BFDD-E3BC09EEDFDF}"
EndProject
Project("{FAE04EC0-301F-11D3-BF4B-00C04F79EFBC}") = "ComponentWithRequireJS", "ComponentWithRequireJS\ComponentWithRequireJS.csproj", "{A28B4451-8336-4EDF-8E90-1D85AF7BA246}"
EndProject
Project("{FAE04EC0-301F-11D3-BF4B-00C04F79EFBC}") = "SimpleComponentSplitTemplate", "SimpleComponentSplitTemplate\SimpleComponentSplitTemplate.csproj", "{DBEF783A-CF2F-4795-B0CC-3DF048418B29}"
EndProject
Global
	GlobalSection(SolutionConfigurationPlatforms) = preSolution
		Debug|Any CPU = Debug|Any CPU
		Release|Any CPU = Release|Any CPU
	EndGlobalSection
	GlobalSection(ProjectConfigurationPlatforms) = postSolution
		{2574F603-4B6C-4A30-BFDD-E3BC09EEDFDF}.Debug|Any CPU.ActiveCfg = Debug|Any CPU
		{2574F603-4B6C-4A30-BFDD-E3BC09EEDFDF}.Debug|Any CPU.Build.0 = Debug|Any CPU
		{2574F603-4B6C-4A30-BFDD-E3BC09EEDFDF}.Release|Any CPU.ActiveCfg = Release|Any CPU
		{2574F603-4B6C-4A30-BFDD-E3BC09EEDFDF}.Release|Any CPU.Build.0 = Release|Any CPU
		{A28B4451-8336-4EDF-8E90-1D85AF7BA246}.Debug|Any CPU.ActiveCfg = Debug|Any CPU
		{A28B4451-8336-4EDF-8E90-1D85AF7BA246}.Debug|Any CPU.Build.0 = Debug|Any CPU
		{A28B4451-8336-4EDF-8E90-1D85AF7BA246}.Release|Any CPU.ActiveCfg = Release|Any CPU
		{A28B4451-8336-4EDF-8E90-1D85AF7BA246}.Release|Any CPU.Build.0 = Release|Any CPU
		{DBEF783A-CF2F-4795-B0CC-3DF048418B29}.Debug|Any CPU.ActiveCfg = Debug|Any CPU
		{DBEF783A-CF2F-4795-B0CC-3DF048418B29}.Debug|Any CPU.Build.0 = Debug|Any CPU
		{DBEF783A-CF2F-4795-B0CC-3DF048418B29}.Release|Any CPU.ActiveCfg = Release|Any CPU
		{DBEF783A-CF2F-4795-B0CC-3DF048418B29}.Release|Any CPU.Build.0 = Release|Any CPU
	EndGlobalSection
	GlobalSection(SolutionProperties) = preSolution
		HideSolutionNode = FALSE
	EndGlobalSection
	GlobalSection(ExtensibilityGlobals) = postSolution
		SolutionGuid = {EC5E46FB-4586-4CAB-A19F-FD4337F24A6D}
	EndGlobalSection
EndGlobal
